
Microsoft Visual Studio Solution File, Format Version 12.00
# Visual Studio 14
VisualStudioVersion = 14.0.25123.0
MinimumVisualStudioVersion = 10.0.40219.1
Project("{FAE04EC0-301F-11D3-BF4B-00C04F79EFBC}") = "ErpNextPoc", "ErpNextPoc\ErpNextPoc.csproj", "{7CDB84E1-2CE2-4729-8B1E-61F40DCDB16B}"
EndProject
Project("{FAE04EC0-301F-11D3-BF4B-00C04F79EFBC}") = "ViewModel", "ViewModel\ViewModel\ViewModel.csproj", "{CF191AF8-7BEE-462F-99F3-983A6381841B}"
EndProject
Project("{FAE04EC0-301F-11D3-BF4B-00C04F79EFBC}") = "ErpNextAdApi", "ErpNextAdApi\ErpNextAdApi.csproj", "{08FE4AB9-CE83-40F1-B62E-BAB5344FB8AB}"
EndProject
Project("{FAE04EC0-301F-11D3-BF4B-00C04F79EFBC}") = "ErpNextPocTests", "ErpNextPocTests\ErpNextPocTests.csproj", "{C8A4AE7F-A690-486B-A61A-8AE807306710}"
EndProject
Global
	GlobalSection(SolutionConfigurationPlatforms) = preSolution
		Debug|Any CPU = Debug|Any CPU
		Release|Any CPU = Release|Any CPU
	EndGlobalSection
	GlobalSection(ProjectConfigurationPlatforms) = postSolution
		{7CDB84E1-2CE2-4729-8B1E-61F40DCDB16B}.Debug|Any CPU.ActiveCfg = Debug|Any CPU
		{7CDB84E1-2CE2-4729-8B1E-61F40DCDB16B}.Debug|Any CPU.Build.0 = Debug|Any CPU
		{7CDB84E1-2CE2-4729-8B1E-61F40DCDB16B}.Release|Any CPU.ActiveCfg = Release|Any CPU
		{7CDB84E1-2CE2-4729-8B1E-61F40DCDB16B}.Release|Any CPU.Build.0 = Release|Any CPU
		{CF191AF8-7BEE-462F-99F3-983A6381841B}.Debug|Any CPU.ActiveCfg = Debug|Any CPU
		{CF191AF8-7BEE-462F-99F3-983A6381841B}.Debug|Any CPU.Build.0 = Debug|Any CPU
		{CF191AF8-7BEE-462F-99F3-983A6381841B}.Release|Any CPU.ActiveCfg = Release|Any CPU
		{CF191AF8-7BEE-462F-99F3-983A6381841B}.Release|Any CPU.Build.0 = Release|Any CPU
		{08FE4AB9-CE83-40F1-B62E-BAB5344FB8AB}.Debug|Any CPU.ActiveCfg = Debug|Any CPU
		{08FE4AB9-CE83-40F1-B62E-BAB5344FB8AB}.Debug|Any CPU.Build.0 = Debug|Any CPU
		{08FE4AB9-CE83-40F1-B62E-BAB5344FB8AB}.Release|Any CPU.ActiveCfg = Release|Any CPU
		{08FE4AB9-CE83-40F1-B62E-BAB5344FB8AB}.Release|Any CPU.Build.0 = Release|Any CPU
		{C8A4AE7F-A690-486B-A61A-8AE807306710}.Debug|Any CPU.ActiveCfg = Debug|Any CPU
		{C8A4AE7F-A690-486B-A61A-8AE807306710}.Debug|Any CPU.Build.0 = Debug|Any CPU
		{C8A4AE7F-A690-486B-A61A-8AE807306710}.Release|Any CPU.ActiveCfg = Release|Any CPU
		{C8A4AE7F-A690-486B-A61A-8AE807306710}.Release|Any CPU.Build.0 = Release|Any CPU
	EndGlobalSection
	GlobalSection(SolutionProperties) = preSolution
		HideSolutionNode = FALSE
	EndGlobalSection
EndGlobal
